{
  "name": "@jlrwi/adt_tests",
  "version": "1.0.0",
  "lockfileVersion": 2,
  "requires": true,
  "packages": {
    "": {
      "name": "@jlrwi/adt_tests",
      "version": "1.0.0",
      "license": "ISC",
      "dependencies": {
        "@jlrwi/combinators": "file:../combinators",
        "@jlrwi/esfunctions": "file:../esfunctions"
      }
    },
    "../combinators": {
      "name": "@jlrwi/combinators",
      "version": "1.1.0",
      "license": "ISC"
    },
    "../esfunctions": {
      "name": "@jlrwi/esfunctions",
      "version": "2.0.0",
      "license": "ISC",
      "devDependencies": {
        "@jlrwi/jscheck": "file:../jscheck"
      }
    },
    "node_modules/@jlrwi/combinators": {
      "resolved": "../combinators",
      "link": true
    },
    "node_modules/@jlrwi/esfunctions": {
      "resolved": "../esfunctions",
      "link": true
    }
  },
  "dependencies": {
    "@jlrwi/combinators": {
      "version": "file:../combinators"
    },
    "@jlrwi/esfunctions": {
      "version": "file:../esfunctions",
      "requires": {
        "@jlrwi/jscheck": "file:../jscheck"
      }
    }
  }
}
