{
  "name": "@jlrwi/adt_tests",
  "version": "1.0.0",
  "lockfileVersion": 1,
  "requires": true,
  "dependencies": {
    "@jlrwi/combinators": {
      "version": "1.0.0"
    },
    "@jlrwi/esfunctions": {
      "version": "1.0.0",
      "dependencies": {
        "@jlrwi/jscheck": {
          "dependencies": {
            "@jlrwi/fulfill": {}
          }
        }
      }
    }
  }
}
