{
  "name": "@jlrwi/adt_tests",
  "version": "1.0.0",
  "lockfileVersion": 1,
  "requires": true,
  "dependencies": {
    "@jlrwi/combinators": {
      "version": "github:jlrwi/combinators#0d883dd0de85acc1c93a058308d21b1df2a4e7f7",
      "from": "github:jlrwi/combinators"
    },
    "@jlrwi/esfunctions": {
      "version": "github:jlrwi/esfunctions#fb26d2e737cb283d3f73044370a94a2dffaad7c4",
      "from": "github:jlrwi/esfunctions"
    }
  }
}
